# THIS IS AN AUTOGENERATED FILE. DO NOT EDIT THIS FILE DIRECTLY.
# yarn lockfile v1


"@types/delay@^3.1.0":
  version "3.1.0"
  resolved "https://registry.yarnpkg.com/@types/delay/-/delay-3.1.0.tgz#c7ff788bf0d9b85f923b12182e6fbfaa65edcbdb"
  integrity sha512-Mt16D+JxuzA2iu5VTnGS1ziGoaSAD2SZJF4Os3rxUnMk7sBSOkdH43yxoZVxSEud6t1V1JScFBaZA8r6ByjYMw==
  dependencies:
    delay "*"

delay@*, delay@^5.0.0:
  version "5.0.0"
  resolved "https://registry.yarnpkg.com/delay/-/delay-5.0.0.tgz#137045ef1b96e5071060dd5be60bf9334436bd1d"
  integrity sha512-ReEBKkIfe4ya47wlPYf/gu5ib6yUG0/Aez0JQZQz94kiWtRQvZIQbTiehsnwHvLSWJnQdhVeqYue7Id1dKr0qw==
